// !$*UTF8*$!
{
	archiveVersion = 1;
	classes = {
	};
	objectVersion = 46;
	objects = {

/* Begin PBXAggregateTarget section */
		"InvNetworking::InvNetworkingPackageTests::ProductTarget" /* InvNetworkingPackageTests */ = {
			isa = PBXAggregateTarget;
			buildConfigurationList = OBJ_30 /* Build configuration list for PBXAggregateTarget "InvNetworkingPackageTests" */;
			buildPhases = (
			);
			dependencies = (
				OBJ_33 /* PBXTargetDependency */,
			);
			name = InvNetworkingPackageTests;
			productName = InvNetworkingPackageTests;
		};
/* End PBXAggregateTarget section */

/* Begin PBXBuildFile section */
		FAF2E7F92224321B00BF5431 /* ApiRequest.swift in Sources */ = {isa = PBXBuildFile; fileRef = FAF2E7F82224321B00BF5431 /* ApiRequest.swift */; };
		FAF2E7FB2224324900BF5431 /* Device.swift in Sources */ = {isa = PBXBuildFile; fileRef = FAF2E7FA2224324900BF5431 /* Device.swift */; };
		FAF2E7FD222433B700BF5431 /* AuthorizationKeyRequestStruct.swift in Sources */ = {isa = PBXBuildFile; fileRef = FAF2E7FC222433B700BF5431 /* AuthorizationKeyRequestStruct.swift */; };
		FAF2E7FF22243BC100BF5431 /* GenericsApi.swift in Sources */ = {isa = PBXBuildFile; fileRef = FAF2E7FE22243BC100BF5431 /* GenericsApi.swift */; };
		FAF2E8012224420600BF5431 /* AuthorizationKeyStruct.swift in Sources */ = {isa = PBXBuildFile; fileRef = FAF2E8002224420600BF5431 /* AuthorizationKeyStruct.swift */; };
		FAF8366722A16B3C00A10245 /* Package.swift in Sources */ = {isa = PBXBuildFile; fileRef = FAF8366622A16B3C00A10245 /* Package.swift */; };
		OBJ_21 /* InvNetworking.swift in Sources */ = {isa = PBXBuildFile; fileRef = OBJ_9 /* InvNetworking.swift */; };
		OBJ_39 /* InvNetworkingTests.swift in Sources */ = {isa = PBXBuildFile; fileRef = OBJ_12 /* InvNetworkingTests.swift */; };
		OBJ_41 /* InvNetworking.framework in Frameworks */ = {isa = PBXBuildFile; fileRef = "InvNetworking::InvNetworking::Product" /* InvNetworking.framework */; };
/* End PBXBuildFile section */

/* Begin PBXContainerItemProxy section */
		FAF2E7EF22242B7400BF5431 /* PBXContainerItemProxy */ = {
			isa = PBXContainerItemProxy;
			containerPortal = OBJ_1 /* Project object */;
			proxyType = 1;
			remoteGlobalIDString = "InvNetworking::InvNetworking";
			remoteInfo = InvNetworking;
		};
		FAF2E7F022242B7500BF5431 /* PBXContainerItemProxy */ = {
			isa = PBXContainerItemProxy;
			containerPortal = OBJ_1 /* Project object */;
			proxyType = 1;
			remoteGlobalIDString = "InvNetworking::InvNetworkingTests";
			remoteInfo = InvNetworkingTests;
		};
/* End PBXContainerItemProxy section */

/* Begin PBXFileReference section */
		FAF2E7F82224321B00BF5431 /* ApiRequest.swift */ = {isa = PBXFileReference; lastKnownFileType = sourcecode.swift; path = ApiRequest.swift; sourceTree = "<group>"; };
		FAF2E7FA2224324900BF5431 /* Device.swift */ = {isa = PBXFileReference; lastKnownFileType = sourcecode.swift; path = Device.swift; sourceTree = "<group>"; };
		FAF2E7FC222433B700BF5431 /* AuthorizationKeyRequestStruct.swift */ = {isa = PBXFileReference; lastKnownFileType = sourcecode.swift; path = AuthorizationKeyRequestStruct.swift; sourceTree = "<group>"; };
		FAF2E7FE22243BC100BF5431 /* GenericsApi.swift */ = {isa = PBXFileReference; lastKnownFileType = sourcecode.swift; path = GenericsApi.swift; sourceTree = "<group>"; };
		FAF2E8002224420600BF5431 /* AuthorizationKeyStruct.swift */ = {isa = PBXFileReference; lastKnownFileType = sourcecode.swift; path = AuthorizationKeyStruct.swift; sourceTree = "<group>"; };
		FAF8366622A16B3C00A10245 /* Package.swift */ = {isa = PBXFileReference; fileEncoding = 4; lastKnownFileType = sourcecode.swift; path = Package.swift; sourceTree = "<group>"; };
		"InvNetworking::InvNetworking::Product" /* InvNetworking.framework */ = {isa = PBXFileReference; explicitFileType = wrapper.framework; path = InvNetworking.framework; sourceTree = BUILT_PRODUCTS_DIR; };
		"InvNetworking::InvNetworkingTests::Product" /* InvNetworkingTests.xctest */ = {isa = PBXFileReference; lastKnownFileType = file; path = InvNetworkingTests.xctest; sourceTree = BUILT_PRODUCTS_DIR; };
		OBJ_12 /* InvNetworkingTests.swift */ = {isa = PBXFileReference; lastKnownFileType = sourcecode.swift; path = InvNetworkingTests.swift; sourceTree = "<group>"; };
		OBJ_9 /* InvNetworking.swift */ = {isa = PBXFileReference; lastKnownFileType = sourcecode.swift; path = InvNetworking.swift; sourceTree = "<group>"; };
/* End PBXFileReference section */

/* Begin PBXFrameworksBuildPhase section */
		OBJ_22 /* Frameworks */ = {
			isa = PBXFrameworksBuildPhase;
			buildActionMask = 0;
			files = (
			);
			runOnlyForDeploymentPostprocessing = 0;
		};
		OBJ_40 /* Frameworks */ = {
			isa = PBXFrameworksBuildPhase;
			buildActionMask = 0;
			files = (
				OBJ_41 /* InvNetworking.framework in Frameworks */,
			);
			runOnlyForDeploymentPostprocessing = 0;
		};
/* End PBXFrameworksBuildPhase section */

/* Begin PBXGroup section */
		OBJ_10 /* Tests */ = {
			isa = PBXGroup;
			children = (
				OBJ_11 /* InvNetworkingTests */,
			);
			name = Tests;
			sourceTree = SOURCE_ROOT;
		};
		OBJ_11 /* InvNetworkingTests */ = {
			isa = PBXGroup;
			children = (
				OBJ_12 /* InvNetworkingTests.swift */,
			);
			name = InvNetworkingTests;
			path = Tests/InvNetworkingTests;
			sourceTree = SOURCE_ROOT;
		};
		OBJ_13 /* Products */ = {
			isa = PBXGroup;
			children = (
				"InvNetworking::InvNetworkingTests::Product" /* InvNetworkingTests.xctest */,
				"InvNetworking::InvNetworking::Product" /* InvNetworking.framework */,
			);
			name = Products;
			sourceTree = BUILT_PRODUCTS_DIR;
		};
		OBJ_5 = {
			isa = PBXGroup;
			children = (
				FAF8366622A16B3C00A10245 /* Package.swift */,
				OBJ_7 /* Sources */,
				OBJ_10 /* Tests */,
				OBJ_13 /* Products */,
			);
			sourceTree = "<group>";
		};
		OBJ_7 /* Sources */ = {
			isa = PBXGroup;
			children = (
				OBJ_8 /* InvNetworking */,
			);
			name = Sources;
			sourceTree = SOURCE_ROOT;
		};
		OBJ_8 /* InvNetworking */ = {
			isa = PBXGroup;
			children = (
				OBJ_9 /* InvNetworking.swift */,
				FAF2E7FE22243BC100BF5431 /* GenericsApi.swift */,
				FAF2E7F82224321B00BF5431 /* ApiRequest.swift */,
				FAF2E7FA2224324900BF5431 /* Device.swift */,
				FAF2E7FC222433B700BF5431 /* AuthorizationKeyRequestStruct.swift */,
				FAF2E8002224420600BF5431 /* AuthorizationKeyStruct.swift */,
			);
			name = InvNetworking;
			path = Sources/InvNetworking;
			sourceTree = SOURCE_ROOT;
		};
/* End PBXGroup section */

/* Begin PBXNativeTarget section */
		"InvNetworking::InvNetworking" /* InvNetworking */ = {
			isa = PBXNativeTarget;
			buildConfigurationList = OBJ_17 /* Build configuration list for PBXNativeTarget "InvNetworking" */;
			buildPhases = (
				OBJ_20 /* Sources */,
				OBJ_22 /* Frameworks */,
			);
			buildRules = (
			);
			dependencies = (
			);
			name = InvNetworking;
			productName = InvNetworking;
			productReference = "InvNetworking::InvNetworking::Product" /* InvNetworking.framework */;
			productType = "com.apple.product-type.framework";
		};
		"InvNetworking::InvNetworkingTests" /* InvNetworkingTests */ = {
			isa = PBXNativeTarget;
			buildConfigurationList = OBJ_35 /* Build configuration list for PBXNativeTarget "InvNetworkingTests" */;
			buildPhases = (
				OBJ_38 /* Sources */,
				OBJ_40 /* Frameworks */,
			);
			buildRules = (
			);
			dependencies = (
				OBJ_42 /* PBXTargetDependency */,
			);
			name = InvNetworkingTests;
			productName = InvNetworkingTests;
			productReference = "InvNetworking::InvNetworkingTests::Product" /* InvNetworkingTests.xctest */;
			productType = "com.apple.product-type.bundle.unit-test";
		};
		"InvNetworking::SwiftPMPackageDescription" /* InvNetworkingPackageDescription */ = {
			isa = PBXNativeTarget;
			buildConfigurationList = OBJ_24 /* Build configuration list for PBXNativeTarget "InvNetworkingPackageDescription" */;
			buildPhases = (
				OBJ_27 /* Sources */,
			);
			buildRules = (
			);
			dependencies = (
			);
			name = InvNetworkingPackageDescription;
			productName = InvNetworkingPackageDescription;
			productType = "com.apple.product-type.framework";
		};
/* End PBXNativeTarget section */

/* Begin PBXProject section */
		OBJ_1 /* Project object */ = {
			isa = PBXProject;
			attributes = {
				LastUpgradeCheck = 9999;
			};
			buildConfigurationList = OBJ_2 /* Build configuration list for PBXProject "InvNetworking" */;
			compatibilityVersion = "Xcode 3.2";
			developmentRegion = English;
			hasScannedForEncodings = 0;
			knownRegions = (
				English,
				en,
			);
			mainGroup = OBJ_5;
			productRefGroup = OBJ_13 /* Products */;
			projectDirPath = "";
			projectRoot = "";
			targets = (
				"InvNetworking::InvNetworking" /* InvNetworking */,
				"InvNetworking::SwiftPMPackageDescription" /* InvNetworkingPackageDescription */,
				"InvNetworking::InvNetworkingPackageTests::ProductTarget" /* InvNetworkingPackageTests */,
				"InvNetworking::InvNetworkingTests" /* InvNetworkingTests */,
			);
		};
/* End PBXProject section */

/* Begin PBXSourcesBuildPhase section */
		OBJ_20 /* Sources */ = {
			isa = PBXSourcesBuildPhase;
			buildActionMask = 0;
			files = (
				FAF2E7FF22243BC100BF5431 /* GenericsApi.swift in Sources */,
				FAF2E7FB2224324900BF5431 /* Device.swift in Sources */,
				FAF2E7F92224321B00BF5431 /* ApiRequest.swift in Sources */,
				FAF8366722A16B3C00A10245 /* Package.swift in Sources */,
				FAF2E7FD222433B700BF5431 /* AuthorizationKeyRequestStruct.swift in Sources */,
				FAF2E8012224420600BF5431 /* AuthorizationKeyStruct.swift in Sources */,
				OBJ_21 /* InvNetworking.swift in Sources */,
			);
			runOnlyForDeploymentPostprocessing = 0;
		};
		OBJ_27 /* Sources */ = {
			isa = PBXSourcesBuildPhase;
			buildActionMask = 0;
			files = (
			);
			runOnlyForDeploymentPostprocessing = 0;
		};
		OBJ_38 /* Sources */ = {
			isa = PBXSourcesBuildPhase;
			buildActionMask = 0;
			files = (
				OBJ_39 /* InvNetworkingTests.swift in Sources */,
			);
			runOnlyForDeploymentPostprocessing = 0;
		};
/* End PBXSourcesBuildPhase section */

/* Begin PBXTargetDependency section */
		OBJ_33 /* PBXTargetDependency */ = {
			isa = PBXTargetDependency;
			target = "InvNetworking::InvNetworkingTests" /* InvNetworkingTests */;
			targetProxy = FAF2E7F022242B7500BF5431 /* PBXContainerItemProxy */;
		};
		OBJ_42 /* PBXTargetDependency */ = {
			isa = PBXTargetDependency;
			target = "InvNetworking::InvNetworking" /* InvNetworking */;
			targetProxy = FAF2E7EF22242B7400BF5431 /* PBXContainerItemProxy */;
		};
/* End PBXTargetDependency section */

/* Begin XCBuildConfiguration section */
		OBJ_18 /* Debug */ = {
			isa = XCBuildConfiguration;
			buildSettings = {
				ENABLE_TESTABILITY = YES;
				FRAMEWORK_SEARCH_PATHS = (
					"$(inherited)",
					"$(PLATFORM_DIR)/Developer/Library/Frameworks",
				);
				HEADER_SEARCH_PATHS = "$(inherited)";
				INFOPLIST_FILE = InvNetworking.xcodeproj/InvNetworking_Info.plist;
				IPHONEOS_DEPLOYMENT_TARGET = 10.0;
				LD_RUNPATH_SEARCH_PATHS = "$(inherited) $(TOOLCHAIN_DIR)/usr/lib/swift/macosx";
				OTHER_CFLAGS = "$(inherited)";
				OTHER_LDFLAGS = "$(inherited)";
				OTHER_SWIFT_FLAGS = "$(inherited)";
				PRODUCT_BUNDLE_IDENTIFIER = InvNetworking;
				PRODUCT_MODULE_NAME = "$(TARGET_NAME:c99extidentifier)";
				PRODUCT_NAME = "$(TARGET_NAME:c99extidentifier)";
				SKIP_INSTALL = YES;
				SWIFT_VERSION = 4.0;
				TARGET_NAME = InvNetworking;
			};
			name = Debug;
		};
		OBJ_19 /* Release */ = {
			isa = XCBuildConfiguration;
			buildSettings = {
				ENABLE_TESTABILITY = YES;
				FRAMEWORK_SEARCH_PATHS = (
					"$(inherited)",
					"$(PLATFORM_DIR)/Developer/Library/Frameworks",
				);
				HEADER_SEARCH_PATHS = "$(inherited)";
				INFOPLIST_FILE = InvNetworking.xcodeproj/InvNetworking_Info.plist;
				IPHONEOS_DEPLOYMENT_TARGET = 10.0;
				LD_RUNPATH_SEARCH_PATHS = "$(inherited) $(TOOLCHAIN_DIR)/usr/lib/swift/macosx";
				OTHER_CFLAGS = "$(inherited)";
				OTHER_LDFLAGS = "$(inherited)";
				OTHER_SWIFT_FLAGS = "$(inherited)";
				PRODUCT_BUNDLE_IDENTIFIER = InvNetworking;
				PRODUCT_MODULE_NAME = "$(TARGET_NAME:c99extidentifier)";
				PRODUCT_NAME = "$(TARGET_NAME:c99extidentifier)";
				SKIP_INSTALL = YES;
				SWIFT_VERSION = 4.0;
				TARGET_NAME = InvNetworking;
			};
			name = Release;
		};
		OBJ_25 /* Debug */ = {
			isa = XCBuildConfiguration;
			buildSettings = {
				LD = /usr/bin/true;
				OTHER_SWIFT_FLAGS = "-swift-version 4 -I $(TOOLCHAIN_DIR)/usr/lib/swift/pm/4 -target x86_64-apple-macosx10.10 -sdk /Library/Developer/CommandLineTools/SDKs/MacOSX10.13.sdk";
				SWIFT_VERSION = 4.0;
			};
			name = Debug;
		};
		OBJ_26 /* Release */ = {
			isa = XCBuildConfiguration;
			buildSettings = {
				LD = /usr/bin/true;
				OTHER_SWIFT_FLAGS = "-swift-version 4 -I $(TOOLCHAIN_DIR)/usr/lib/swift/pm/4 -target x86_64-apple-macosx10.10 -sdk /Library/Developer/CommandLineTools/SDKs/MacOSX10.13.sdk";
				SWIFT_VERSION = 4.0;
			};
			name = Release;
		};
		OBJ_3 /* Debug */ = {
			isa = XCBuildConfiguration;
			buildSettings = {
				CLANG_ENABLE_OBJC_ARC = YES;
				COMBINE_HIDPI_IMAGES = YES;
				COPY_PHASE_STRIP = NO;
				DEBUG_INFORMATION_FORMAT = dwarf;
				DYLIB_INSTALL_NAME_BASE = "@rpath";
				ENABLE_NS_ASSERTIONS = YES;
				GCC_OPTIMIZATION_LEVEL = 0;
				IPHONEOS_DEPLOYMENT_TARGET = 10.0;
				MACOSX_DEPLOYMENT_TARGET = 10.10;
				ONLY_ACTIVE_ARCH = YES;
				OTHER_SWIFT_FLAGS = "-DXcode";
				PRODUCT_NAME = "$(TARGET_NAME)";
				SDKROOT = iphoneos;
				SWIFT_ACTIVE_COMPILATION_CONDITIONS = SWIFT_PACKAGE;
				SWIFT_OPTIMIZATION_LEVEL = "-Onone";
				USE_HEADERMAP = NO;
			};
			name = Debug;
		};
		OBJ_31 /* Debug */ = {
			isa = XCBuildConfiguration;
			buildSettings = {
			};
			name = Debug;
		};
		OBJ_32 /* Release */ = {
			isa = XCBuildConfiguration;
			buildSettings = {
			};
			name = Release;
		};
		OBJ_36 /* Debug */ = {
			isa = XCBuildConfiguration;
			buildSettings = {
				EMBEDDED_CONTENT_CONTAINS_SWIFT = YES;
				FRAMEWORK_SEARCH_PATHS = (
					"$(inherited)",
					"$(PLATFORM_DIR)/Developer/Library/Frameworks",
				);
				HEADER_SEARCH_PATHS = "$(inherited)";
				INFOPLIST_FILE = InvNetworking.xcodeproj/InvNetworkingTests_Info.plist;
				LD_RUNPATH_SEARCH_PATHS = "$(inherited) @loader_path/../Frameworks @loader_path/Frameworks";
				OTHER_CFLAGS = "$(inherited)";
				OTHER_LDFLAGS = "$(inherited)";
				OTHER_SWIFT_FLAGS = "$(inherited)";
				SWIFT_VERSION = 4.0;
				TARGET_NAME = InvNetworkingTests;
			};
			name = Debug;
		};
		OBJ_37 /* Release */ = {
			isa = XCBuildConfiguration;
			buildSettings = {
				EMBEDDED_CONTENT_CONTAINS_SWIFT = YES;
				FRAMEWORK_SEARCH_PATHS = (
					"$(inherited)",
					"$(PLATFORM_DIR)/Developer/Library/Frameworks",
				);
				HEADER_SEARCH_PATHS = "$(inherited)";
				INFOPLIST_FILE = InvNetworking.xcodeproj/InvNetworkingTests_Info.plist;
				LD_RUNPATH_SEARCH_PATHS = "$(inherited) @loader_path/../Frameworks @loader_path/Frameworks";
				OTHER_CFLAGS = "$(inherited)";
				OTHER_LDFLAGS = "$(inherited)";
				OTHER_SWIFT_FLAGS = "$(inherited)";
				SWIFT_VERSION = 4.0;
				TARGET_NAME = InvNetworkingTests;
			};
			name = Release;
		};
		OBJ_4 /* Release */ = {
			isa = XCBuildConfiguration;
			buildSettings = {
				CLANG_ENABLE_OBJC_ARC = YES;
				COMBINE_HIDPI_IMAGES = YES;
				COPY_PHASE_STRIP = YES;
				DEBUG_INFORMATION_FORMAT = "dwarf-with-dsym";
				DYLIB_INSTALL_NAME_BASE = "@rpath";
				GCC_OPTIMIZATION_LEVEL = s;
				IPHONEOS_DEPLOYMENT_TARGET = 10.0;
				MACOSX_DEPLOYMENT_TARGET = 10.10;
				OTHER_SWIFT_FLAGS = "-DXcode";
				PRODUCT_NAME = "$(TARGET_NAME)";
				SDKROOT = iphoneos;
				SWIFT_ACTIVE_COMPILATION_CONDITIONS = SWIFT_PACKAGE;
				SWIFT_OPTIMIZATION_LEVEL = "-Owholemodule";
				USE_HEADERMAP = NO;
			};
			name = Release;
		};
/* End XCBuildConfiguration section */

/* Begin XCConfigurationList section */
		OBJ_17 /* Build configuration list for PBXNativeTarget "InvNetworking" */ = {
			isa = XCConfigurationList;
			buildConfigurations = (
				OBJ_18 /* Debug */,
				OBJ_19 /* Release */,
			);
			defaultConfigurationIsVisible = 0;
			defaultConfigurationName = Release;
		};
		OBJ_2 /* Build configuration list for PBXProject "InvNetworking" */ = {
			isa = XCConfigurationList;
			buildConfigurations = (
				OBJ_3 /* Debug */,
				OBJ_4 /* Release */,
			);
			defaultConfigurationIsVisible = 0;
			defaultConfigurationName = Release;
		};
		OBJ_24 /* Build configuration list for PBXNativeTarget "InvNetworkingPackageDescription" */ = {
			isa = XCConfigurationList;
			buildConfigurations = (
				OBJ_25 /* Debug */,
				OBJ_26 /* Release */,
			);
			defaultConfigurationIsVisible = 0;
			defaultConfigurationName = Release;
		};
		OBJ_30 /* Build configuration list for PBXAggregateTarget "InvNetworkingPackageTests" */ = {
			isa = XCConfigurationList;
			buildConfigurations = (
				OBJ_31 /* Debug */,
				OBJ_32 /* Release */,
			);
			defaultConfigurationIsVisible = 0;
			defaultConfigurationName = Release;
		};
		OBJ_35 /* Build configuration list for PBXNativeTarget "InvNetworkingTests" */ = {
			isa = XCConfigurationList;
			buildConfigurations = (
				OBJ_36 /* Debug */,
				OBJ_37 /* Release */,
			);
			defaultConfigurationIsVisible = 0;
			defaultConfigurationName = Release;
		};
/* End XCConfigurationList section */
	};
	rootObject = OBJ_1 /* Project object */;
}
